// !$*UTF8*$!
{
	archiveVersion = 1;
	classes = {
	};
	objectVersion = 50;
	objects = {

/* Begin PBXBuildFile section */
		943DB5CA23F8A6BD005B088D /* AppDelegate.swift in Sources */ = {isa = PBXBuildFile; fileRef = 943DB5C923F8A6BD005B088D /* AppDelegate.swift */; };
		943DB5CC23F8A6BD005B088D /* SceneDelegate.swift in Sources */ = {isa = PBXBuildFile; fileRef = 943DB5CB23F8A6BD005B088D /* SceneDelegate.swift */; };
		943DB5D123F8A6BD005B088D /* Main.storyboard in Resources */ = {isa = PBXBuildFile; fileRef = 943DB5CF23F8A6BD005B088D /* Main.storyboard */; };
		943DB5D423F8A6BD005B088D /* CoreDataDemo.xcdatamodeld in Sources */ = {isa = PBXBuildFile; fileRef = 943DB5D223F8A6BD005B088D /* CoreDataDemo.xcdatamodeld */; };
		943DB5D623F8A6BF005B088D /* Assets.xcassets in Resources */ = {isa = PBXBuildFile; fileRef = 943DB5D523F8A6BF005B088D /* Assets.xcassets */; };
		943DB5D923F8A6BF005B088D /* LaunchScreen.storyboard in Resources */ = {isa = PBXBuildFile; fileRef = 943DB5D723F8A6BF005B088D /* LaunchScreen.storyboard */; };
		943DB5E123F8AC0D005B088D /* TableTableViewController.swift in Sources */ = {isa = PBXBuildFile; fileRef = 943DB5E023F8AC0D005B088D /* TableTableViewController.swift */; };
		943DB5E423F8B453005B088D /* Task+CoreDataClass.swift in Sources */ = {isa = PBXBuildFile; fileRef = 943DB5E223F8B452005B088D /* Task+CoreDataClass.swift */; };
		943DB5E523F8B453005B088D /* Task+CoreDataProperties.swift in Sources */ = {isa = PBXBuildFile; fileRef = 943DB5E323F8B452005B088D /* Task+CoreDataProperties.swift */; };
/* End PBXBuildFile section */

/* Begin PBXFileReference section */
		943DB5C623F8A6BD005B088D /* CoreDataDemo.app */ = {isa = PBXFileReference; explicitFileType = wrapper.application; includeInIndex = 0; path = CoreDataDemo.app; sourceTree = BUILT_PRODUCTS_DIR; };
		943DB5C923F8A6BD005B088D /* AppDelegate.swift */ = {isa = PBXFileReference; lastKnownFileType = sourcecode.swift; path = AppDelegate.swift; sourceTree = "<group>"; };
		943DB5CB23F8A6BD005B088D /* SceneDelegate.swift */ = {isa = PBXFileReference; lastKnownFileType = sourcecode.swift; path = SceneDelegate.swift; sourceTree = "<group>"; };
		943DB5D023F8A6BD005B088D /* Base */ = {isa = PBXFileReference; lastKnownFileType = file.storyboard; name = Base; path = Base.lproj/Main.storyboard; sourceTree = "<group>"; };
		943DB5D323F8A6BD005B088D /* CoreDataDemo.xcdatamodel */ = {isa = PBXFileReference; lastKnownFileType = wrapper.xcdatamodel; path = CoreDataDemo.xcdatamodel; sourceTree = "<group>"; };
		943DB5D523F8A6BF005B088D /* Assets.xcassets */ = {isa = PBXFileReference; lastKnownFileType = folder.assetcatalog; path = Assets.xcassets; sourceTree = "<group>"; };
		943DB5D823F8A6BF005B088D /* Base */ = {isa = PBXFileReference; lastKnownFileType = file.storyboard; name = Base; path = Base.lproj/LaunchScreen.storyboard; sourceTree = "<group>"; };
		943DB5DA23F8A6BF005B088D /* Info.plist */ = {isa = PBXFileReference; lastKnownFileType = text.plist.xml; path = Info.plist; sourceTree = "<group>"; };
		943DB5E023F8AC0D005B088D /* TableTableViewController.swift */ = {isa = PBXFileReference; lastKnownFileType = sourcecode.swift; path = TableTableViewController.swift; sourceTree = "<group>"; };
		943DB5E223F8B452005B088D /* Task+CoreDataClass.swift */ = {isa = PBXFileReference; lastKnownFileType = sourcecode.swift; path = "Task+CoreDataClass.swift"; sourceTree = "<group>"; };
		943DB5E323F8B452005B088D /* Task+CoreDataProperties.swift */ = {isa = PBXFileReference; lastKnownFileType = sourcecode.swift; path = "Task+CoreDataProperties.swift"; sourceTree = "<group>"; };
/* End PBXFileReference section */

/* Begin PBXFrameworksBuildPhase section */
		943DB5C323F8A6BD005B088D /* Frameworks */ = {
			isa = PBXFrameworksBuildPhase;
			buildActionMask = 2147483647;
			files = (
			);
			runOnlyForDeploymentPostprocessing = 0;
		};
/* End PBXFrameworksBuildPhase section */

/* Begin PBXGroup section */
		943DB5BD23F8A6BD005B088D = {
			isa = PBXGroup;
			children = (
				943DB5E223F8B452005B088D /* Task+CoreDataClass.swift */,
				943DB5E323F8B452005B088D /* Task+CoreDataProperties.swift */,
				943DB5C823F8A6BD005B088D /* CoreDataDemo */,
				943DB5C723F8A6BD005B088D /* Products */,
			);
			sourceTree = "<group>";
		};
		943DB5C723F8A6BD005B088D /* Products */ = {
			isa = PBXGroup;
			children = (
				943DB5C623F8A6BD005B088D /* CoreDataDemo.app */,
			);
			name = Products;
			sourceTree = "<group>";
		};
		943DB5C823F8A6BD005B088D /* CoreDataDemo */ = {
			isa = PBXGroup;
			children = (
				943DB5C923F8A6BD005B088D /* AppDelegate.swift */,
				943DB5CB23F8A6BD005B088D /* SceneDelegate.swift */,
				943DB5CF23F8A6BD005B088D /* Main.storyboard */,
				943DB5E023F8AC0D005B088D /* TableTableViewController.swift */,
				943DB5D523F8A6BF005B088D /* Assets.xcassets */,
				943DB5D723F8A6BF005B088D /* LaunchScreen.storyboard */,
				943DB5DA23F8A6BF005B088D /* Info.plist */,
				943DB5D223F8A6BD005B088D /* CoreDataDemo.xcdatamodeld */,
			);
			path = CoreDataDemo;
			sourceTree = "<group>";
		};
/* End PBXGroup section */

/* Begin PBXNativeTarget section */
		943DB5C523F8A6BD005B088D /* CoreDataDemo */ = {
			isa = PBXNativeTarget;
			buildConfigurationList = 943DB5DD23F8A6BF005B088D /* Build configuration list for PBXNativeTarget "CoreDataDemo" */;
			buildPhases = (
				943DB5C223F8A6BD005B088D /* Sources */,
				943DB5C323F8A6BD005B088D /* Frameworks */,
				943DB5C423F8A6BD005B088D /* Resources */,
			);
			buildRules = (
			);
			dependencies = (
			);
			name = CoreDataDemo;
			productName = CoreDataDemo;
			productReference = 943DB5C623F8A6BD005B088D /* CoreDataDemo.app */;
			productType = "com.apple.product-type.application";
		};
/* End PBXNativeTarget section */

/* Begin PBXProject section */
		943DB5BE23F8A6BD005B088D /* Project object */ = {
			isa = PBXProject;
			attributes = {
				LastSwiftUpdateCheck = 1130;
				LastUpgradeCheck = 1130;
				ORGANIZATIONNAME = "Igor Shelginskiy";
				TargetAttributes = {
					943DB5C523F8A6BD005B088D = {
						CreatedOnToolsVersion = 11.3.1;
					};
				};
			};
			buildConfigurationList = 943DB5C123F8A6BD005B088D /* Build configuration list for PBXProject "CoreDataDemo" */;
			compatibilityVersion = "Xcode 9.3";
			developmentRegion = en;
			hasScannedForEncodings = 0;
			knownRegions = (
				en,
				Base,
			);
			mainGroup = 943DB5BD23F8A6BD005B088D;
			productRefGroup = 943DB5C723F8A6BD005B088D /* Products */;
			projectDirPath = "";
			projectRoot = "";
			targets = (
				943DB5C523F8A6BD005B088D /* CoreDataDemo */,
			);
		};
/* End PBXProject section */

/* Begin PBXResourcesBuildPhase section */
		943DB5C423F8A6BD005B088D /* Resources */ = {
			isa = PBXResourcesBuildPhase;
			buildActionMask = 2147483647;
			files = (
				943DB5D923F8A6BF005B088D /* LaunchScreen.storyboard in Resources */,
				943DB5D623F8A6BF005B088D /* Assets.xcassets in Resources */,
				943DB5D123F8A6BD005B088D /* Main.storyboard in Resources */,
			);
			runOnlyForDeploymentPostprocessing = 0;
		};
/* End PBXResourcesBuildPhase section */

/* Begin PBXSourcesBuildPhase section */
		943DB5C223F8A6BD005B088D /* Sources */ = {
			isa = PBXSourcesBuildPhase;
			buildActionMask = 2147483647;
			files = (
				943DB5E123F8AC0D005B088D /* TableTableViewController.swift in Sources */,
				943DB5E423F8B453005B088D /* Task+CoreDataClass.swift in Sources */,
				943DB5D423F8A6BD005B088D /* CoreDataDemo.xcdatamodeld in Sources */,
				943DB5CA23F8A6BD005B088D /* AppDelegate.swift in Sources */,
				943DB5E523F8B453005B088D /* Task+CoreDataProperties.swift in Sources */,
				943DB5CC23F8A6BD005B088D /* SceneDelegate.swift in Sources */,
			);
			runOnlyForDeploymentPostprocessing = 0;
		};
/* End PBXSourcesBuildPhase section */

/* Begin PBXVariantGroup section */
		943DB5CF23F8A6BD005B088D /* Main.storyboard */ = {
			isa = PBXVariantGroup;
			children = (
				943DB5D023F8A6BD005B088D /* Base */,
			);
			name = Main.storyboard;
			sourceTree = "<group>";
		};
		943DB5D723F8A6BF005B088D /* LaunchScreen.storyboard */ = {
			isa = PBXVariantGroup;
			children = (
				943DB5D823F8A6BF005B088D /* Base */,
			);
			name = LaunchScreen.storyboard;
			sourceTree = "<group>";
		};
/* End PBXVariantGroup section */

/* Begin XCBuildConfiguration section */
		943DB5DB23F8A6BF005B088D /* Debug */ = {
			isa = XCBuildConfiguration;
			buildSettings = {
				ALWAYS_SEARCH_USER_PATHS = NO;
				CLANG_ANALYZER_NONNULL = YES;
				CLANG_ANALYZER_NUMBER_OBJECT_CONVERSION = YES_AGGRESSIVE;
				CLANG_CXX_LANGUAGE_STANDARD = "gnu++14";
				CLANG_CXX_LIBRARY = "libc++";
				CLANG_ENABLE_MODULES = YES;
				CLANG_ENABLE_OBJC_ARC = YES;
				CLANG_ENABLE_OBJC_WEAK = YES;
				CLANG_WARN_BLOCK_CAPTURE_AUTORELEASING = YES;
				CLANG_WARN_BOOL_CONVERSION = YES;
				CLANG_WARN_COMMA = YES;
				CLANG_WARN_CONSTANT_CONVERSION = YES;
				CLANG_WARN_DEPRECATED_OBJC_IMPLEMENTATIONS = YES;
				CLANG_WARN_DIRECT_OBJC_ISA_USAGE = YES_ERROR;
				CLANG_WARN_DOCUMENTATION_COMMENTS = YES;
				CLANG_WARN_EMPTY_BODY = YES;
				CLANG_WARN_ENUM_CONVERSION = YES;
				CLANG_WARN_INFINITE_RECURSION = YES;
				CLANG_WARN_INT_CONVERSION = YES;
				CLANG_WARN_NON_LITERAL_NULL_CONVERSION = YES;
				CLANG_WARN_OBJC_IMPLICIT_RETAIN_SELF = YES;
				CLANG_WARN_OBJC_LITERAL_CONVERSION = YES;
				CLANG_WARN_OBJC_ROOT_CLASS = YES_ERROR;
				CLANG_WARN_RANGE_LOOP_ANALYSIS = YES;
				CLANG_WARN_STRICT_PROTOTYPES = YES;
				CLANG_WARN_SUSPICIOUS_MOVE = YES;
				CLANG_WARN_UNGUARDED_AVAILABILITY = YES_AGGRESSIVE;
				CLANG_WARN_UNREACHABLE_CODE = YES;
				CLANG_WARN__DUPLICATE_METHOD_MATCH = YES;
				COPY_PHASE_STRIP = NO;
				DEBUG_INFORMATION_FORMAT = dwarf;
				ENABLE_STRICT_OBJC_MSGSEND = YES;
				ENABLE_TESTABILITY = YES;
				GCC_C_LANGUAGE_STANDARD = gnu11;
				GCC_DYNAMIC_NO_PIC = NO;
				GCC_NO_COMMON_BLOCKS = YES;
				GCC_OPTIMIZATION_LEVEL = 0;
				GCC_PREPROCESSOR_DEFINITIONS = (
					"DEBUG=1",
					"$(inherited)",
				);
				GCC_WARN_64_TO_32_BIT_CONVERSION = YES;
				GCC_WARN_ABOUT_RETURN_TYPE = YES_ERROR;
				GCC_WARN_UNDECLARED_SELECTOR = YES;
				GCC_WARN_UNINITIALIZED_AUTOS = YES_AGGRESSIVE;
				GCC_WARN_UNUSED_FUNCTION = YES;
				GCC_WARN_UNUSED_VARIABLE = YES;
				IPHONEOS_DEPLOYMENT_TARGET = 13.2;
				MTL_ENABLE_DEBUG_INFO = INCLUDE_SOURCE;
				MTL_FAST_MATH = YES;
				ONLY_ACTIVE_ARCH = YES;
				SDKROOT = iphoneos;
				SWIFT_ACTIVE_COMPILATION_CONDITIONS = DEBUG;
				SWIFT_OPTIMIZATION_LEVEL = "-Onone";
			};
			name = Debug;
		};
		943DB5DC23F8A6BF005B088D /* Release */ = {
			isa = XCBuildConfiguration;
			buildSettings = {
				ALWAYS_SEARCH_USER_PATHS = NO;
				CLANG_ANALYZER_NONNULL = YES;
				CLANG_ANALYZER_NUMBER_OBJECT_CONVERSION = YES_AGGRESSIVE;
				CLANG_CXX_LANGUAGE_STANDARD = "gnu++14";
				CLANG_CXX_LIBRARY = "libc++";
				CLANG_ENABLE_MODULES = YES;
				CLANG_ENABLE_OBJC_ARC = YES;
				CLANG_ENABLE_OBJC_WEAK = YES;
				CLANG_WARN_BLOCK_CAPTURE_AUTORELEASING = YES;
				CLANG_WARN_BOOL_CONVERSION = YES;
				CLANG_WARN_COMMA = YES;
				CLANG_WARN_CONSTANT_CONVERSION = YES;
				CLANG_WARN_DEPRECATED_OBJC_IMPLEMENTATIONS = YES;
				CLANG_WARN_DIRECT_OBJC_ISA_USAGE = YES_ERROR;
				CLANG_WARN_DOCUMENTATION_COMMENTS = YES;
				CLANG_WARN_EMPTY_BODY = YES;
				CLANG_WARN_ENUM_CONVERSION = YES;
				CLANG_WARN_INFINITE_RECURSION = YES;
				CLANG_WARN_INT_CONVERSION = YES;
				CLANG_WARN_NON_LITERAL_NULL_CONVERSION = YES;
				CLANG_WARN_OBJC_IMPLICIT_RETAIN_SELF = YES;
				CLANG_WARN_OBJC_LITERAL_CONVERSION = YES;
				CLANG_WARN_OBJC_ROOT_CLASS = YES_ERROR;
				CLANG_WARN_RANGE_LOOP_ANALYSIS = YES;
				CLANG_WARN_STRICT_PROTOTYPES = YES;
				CLANG_WARN_SUSPICIOUS_MOVE = YES;
				CLANG_WARN_UNGUARDED_AVAILABILITY = YES_AGGRESSIVE;
				CLANG_WARN_UNREACHABLE_CODE = YES;
				CLANG_WARN__DUPLICATE_METHOD_MATCH = YES;
				COPY_PHASE_STRIP = NO;
				DEBUG_INFORMATION_FORMAT = "dwarf-with-dsym";
				ENABLE_NS_ASSERTIONS = NO;
				ENABLE_STRICT_OBJC_MSGSEND = YES;
				GCC_C_LANGUAGE_STANDARD = gnu11;
				GCC_NO_COMMON_BLOCKS = YES;
				GCC_WARN_64_TO_32_BIT_CONVERSION = YES;
				GCC_WARN_ABOUT_RETURN_TYPE = YES_ERROR;
				GCC_WARN_UNDECLARED_SELECTOR = YES;
				GCC_WARN_UNINITIALIZED_AUTOS = YES_AGGRESSIVE;
				GCC_WARN_UNUSED_FUNCTION = YES;
				GCC_WARN_UNUSED_VARIABLE = YES;
				IPHONEOS_DEPLOYMENT_TARGET = 13.2;
				MTL_ENABLE_DEBUG_INFO = NO;
				MTL_FAST_MATH = YES;
				SDKROOT = iphoneos;
				SWIFT_COMPILATION_MODE = wholemodule;
				SWIFT_OPTIMIZATION_LEVEL = "-O";
				VALIDATE_PRODUCT = YES;
			};
			name = Release;
		};
		943DB5DE23F8A6BF005B088D /* Debug */ = {
			isa = XCBuildConfiguration;
			buildSettings = {
				ASSETCATALOG_COMPILER_APPICON_NAME = AppIcon;
				CODE_SIGN_STYLE = Automatic;
				DEVELOPMENT_TEAM = BH8ZW8FZ54;
				INFOPLIST_FILE = CoreDataDemo/Info.plist;
				LD_RUNPATH_SEARCH_PATHS = (
					"$(inherited)",
					"@executable_path/Frameworks",
				);
				PRODUCT_BUNDLE_IDENTIFIER = com.enigvor.CoreDataDemo;
				PRODUCT_NAME = "$(TARGET_NAME)";
				SWIFT_VERSION = 5.0;
				TARGETED_DEVICE_FAMILY = "1,2";
			};
			name = Debug;
		};
		943DB5DF23F8A6BF005B088D /* Release */ = {
			isa = XCBuildConfiguration;
			buildSettings = {
				ASSETCATALOG_COMPILER_APPICON_NAME = AppIcon;
				CODE_SIGN_STYLE = Automatic;
				DEVELOPMENT_TEAM = BH8ZW8FZ54;
				INFOPLIST_FILE = CoreDataDemo/Info.plist;
				LD_RUNPATH_SEARCH_PATHS = (
					"$(inherited)",
					"@executable_path/Frameworks",
				);
				PRODUCT_BUNDLE_IDENTIFIER = com.enigvor.CoreDataDemo;
				PRODUCT_NAME = "$(TARGET_NAME)";
				SWIFT_VERSION = 5.0;
				TARGETED_DEVICE_FAMILY = "1,2";
			};
			name = Release;
		};
/* End XCBuildConfiguration section */

/* Begin XCConfigurationList section */
		943DB5C123F8A6BD005B088D /* Build configuration list for PBXProject "CoreDataDemo" */ = {
			isa = XCConfigurationList;
			buildConfigurations = (
				943DB5DB23F8A6BF005B088D /* Debug */,
				943DB5DC23F8A6BF005B088D /* Release */,
			);
			defaultConfigurationIsVisible = 0;
			defaultConfigurationName = Release;
		};
		943DB5DD23F8A6BF005B088D /* Build configuration list for PBXNativeTarget "CoreDataDemo" */ = {
			isa = XCConfigurationList;
			buildConfigurations = (
				943DB5DE23F8A6BF005B088D /* Debug */,
				943DB5DF23F8A6BF005B088D /* Release */,
			);
			defaultConfigurationIsVisible = 0;
			defaultConfigurationName = Release;
		};
/* End XCConfigurationList section */

/* Begin XCVersionGroup section */
		943DB5D223F8A6BD005B088D /* CoreDataDemo.xcdatamodeld */ = {
			isa = XCVersionGroup;
			children = (
				943DB5D323F8A6BD005B088D /* CoreDataDemo.xcdatamodel */,
			);
			currentVersion = 943DB5D323F8A6BD005B088D /* CoreDataDemo.xcdatamodel */;
			path = CoreDataDemo.xcdatamodeld;
			sourceTree = "<group>";
			versionGroupType = wrapper.xcdatamodel;
		};
/* End XCVersionGroup section */
	};
	rootObject = 943DB5BE23F8A6BD005B088D /* Project object */;
}
